// !$*UTF8*$!
{
	archiveVersion = 1;
	classes = {
	};
	objectVersion = 50;
	objects = {

/* Begin PBXBuildFile section */
		01B2E17D25EDA7A8007FB23F /* MultiplicationTablesApp.swift in Sources */ = {isa = PBXBuildFile; fileRef = 01B2E17C25EDA7A8007FB23F /* MultiplicationTablesApp.swift */; };
		01B2E17F25EDA7A8007FB23F /* ContentView.swift in Sources */ = {isa = PBXBuildFile; fileRef = 01B2E17E25EDA7A8007FB23F /* ContentView.swift */; };
		01B2E18125EDA7AD007FB23F /* Assets.xcassets in Resources */ = {isa = PBXBuildFile; fileRef = 01B2E18025EDA7AD007FB23F /* Assets.xcassets */; };
		01B2E18425EDA7AD007FB23F /* Preview Assets.xcassets in Resources */ = {isa = PBXBuildFile; fileRef = 01B2E18325EDA7AD007FB23F /* Preview Assets.xcassets */; };
		01B2E18D25EDDC5A007FB23F /* TablesView.swift in Sources */ = {isa = PBXBuildFile; fileRef = 01B2E18C25EDDC5A007FB23F /* TablesView.swift */; };
		01B2E19025EDDEC4007FB23F /* QuestionsView.swift in Sources */ = {isa = PBXBuildFile; fileRef = 01B2E18F25EDDEC4007FB23F /* QuestionsView.swift */; };
		01B2E19525EEFEA1007FB23F /* QuestionsArray.swift in Sources */ = {isa = PBXBuildFile; fileRef = 01B2E19425EEFEA1007FB23F /* QuestionsArray.swift */; };
		01B2E19B25EF03E6007FB23F /* GeneratedQuestionsView.swift in Sources */ = {isa = PBXBuildFile; fileRef = 01B2E19A25EF03E6007FB23F /* GeneratedQuestionsView.swift */; };
/* End PBXBuildFile section */

/* Begin PBXFileReference section */
		01B2E17925EDA7A8007FB23F /* MultiplicationTables.app */ = {isa = PBXFileReference; explicitFileType = wrapper.application; includeInIndex = 0; path = MultiplicationTables.app; sourceTree = BUILT_PRODUCTS_DIR; };
		01B2E17C25EDA7A8007FB23F /* MultiplicationTablesApp.swift */ = {isa = PBXFileReference; lastKnownFileType = sourcecode.swift; path = MultiplicationTablesApp.swift; sourceTree = "<group>"; };
		01B2E17E25EDA7A8007FB23F /* ContentView.swift */ = {isa = PBXFileReference; lastKnownFileType = sourcecode.swift; path = ContentView.swift; sourceTree = "<group>"; };
		01B2E18025EDA7AD007FB23F /* Assets.xcassets */ = {isa = PBXFileReference; lastKnownFileType = folder.assetcatalog; path = Assets.xcassets; sourceTree = "<group>"; };
		01B2E18325EDA7AD007FB23F /* Preview Assets.xcassets */ = {isa = PBXFileReference; lastKnownFileType = folder.assetcatalog; path = "Preview Assets.xcassets"; sourceTree = "<group>"; };
		01B2E18525EDA7AD007FB23F /* Info.plist */ = {isa = PBXFileReference; lastKnownFileType = text.plist.xml; path = Info.plist; sourceTree = "<group>"; };
		01B2E18C25EDDC5A007FB23F /* TablesView.swift */ = {isa = PBXFileReference; lastKnownFileType = sourcecode.swift; path = TablesView.swift; sourceTree = "<group>"; };
		01B2E18F25EDDEC4007FB23F /* QuestionsView.swift */ = {isa = PBXFileReference; lastKnownFileType = sourcecode.swift; path = QuestionsView.swift; sourceTree = "<group>"; };
		01B2E19425EEFEA1007FB23F /* QuestionsArray.swift */ = {isa = PBXFileReference; lastKnownFileType = sourcecode.swift; path = QuestionsArray.swift; sourceTree = "<group>"; };
		01B2E19A25EF03E6007FB23F /* GeneratedQuestionsView.swift */ = {isa = PBXFileReference; lastKnownFileType = sourcecode.swift; path = GeneratedQuestionsView.swift; sourceTree = "<group>"; };
/* End PBXFileReference section */

/* Begin PBXFrameworksBuildPhase section */
		01B2E17625EDA7A8007FB23F /* Frameworks */ = {
			isa = PBXFrameworksBuildPhase;
			buildActionMask = 2147483647;
			files = (
			);
			runOnlyForDeploymentPostprocessing = 0;
		};
/* End PBXFrameworksBuildPhase section */

/* Begin PBXGroup section */
		01B2E17025EDA7A8007FB23F = {
			isa = PBXGroup;
			children = (
				01B2E17B25EDA7A8007FB23F /* MultiplicationTables */,
				01B2E17A25EDA7A8007FB23F /* Products */,
			);
			sourceTree = "<group>";
		};
		01B2E17A25EDA7A8007FB23F /* Products */ = {
			isa = PBXGroup;
			children = (
				01B2E17925EDA7A8007FB23F /* MultiplicationTables.app */,
			);
			name = Products;
			sourceTree = "<group>";
		};
		01B2E17B25EDA7A8007FB23F /* MultiplicationTables */ = {
			isa = PBXGroup;
			children = (
				01B2E17C25EDA7A8007FB23F /* MultiplicationTablesApp.swift */,
				01B2E17E25EDA7A8007FB23F /* ContentView.swift */,
				01B2E18C25EDDC5A007FB23F /* TablesView.swift */,
				01B2E18F25EDDEC4007FB23F /* QuestionsView.swift */,
				01B2E19A25EF03E6007FB23F /* GeneratedQuestionsView.swift */,
				01B2E19425EEFEA1007FB23F /* QuestionsArray.swift */,
				01B2E18025EDA7AD007FB23F /* Assets.xcassets */,
				01B2E18525EDA7AD007FB23F /* Info.plist */,
				01B2E18225EDA7AD007FB23F /* Preview Content */,
			);
			path = MultiplicationTables;
			sourceTree = "<group>";
		};
		01B2E18225EDA7AD007FB23F /* Preview Content */ = {
			isa = PBXGroup;
			children = (
				01B2E18325EDA7AD007FB23F /* Preview Assets.xcassets */,
			);
			path = "Preview Content";
			sourceTree = "<group>";
		};
/* End PBXGroup section */

/* Begin PBXNativeTarget section */
		01B2E17825EDA7A8007FB23F /* MultiplicationTables */ = {
			isa = PBXNativeTarget;
			buildConfigurationList = 01B2E18825EDA7AD007FB23F /* Build configuration list for PBXNativeTarget "MultiplicationTables" */;
			buildPhases = (
				01B2E17525EDA7A8007FB23F /* Sources */,
				01B2E17625EDA7A8007FB23F /* Frameworks */,
				01B2E17725EDA7A8007FB23F /* Resources */,
			);
			buildRules = (
			);
			dependencies = (
			);
			name = MultiplicationTables;
			productName = MultiplicationTables;
			productReference = 01B2E17925EDA7A8007FB23F /* MultiplicationTables.app */;
			productType = "com.apple.product-type.application";
		};
/* End PBXNativeTarget section */

/* Begin PBXProject section */
		01B2E17125EDA7A8007FB23F /* Project object */ = {
			isa = PBXProject;
			attributes = {
				LastSwiftUpdateCheck = 1240;
				LastUpgradeCheck = 1240;
				TargetAttributes = {
					01B2E17825EDA7A8007FB23F = {
						CreatedOnToolsVersion = 12.4;
					};
				};
			};
			buildConfigurationList = 01B2E17425EDA7A8007FB23F /* Build configuration list for PBXProject "MultiplicationTables" */;
			compatibilityVersion = "Xcode 9.3";
			developmentRegion = en;
			hasScannedForEncodings = 0;
			knownRegions = (
				en,
				Base,
			);
			mainGroup = 01B2E17025EDA7A8007FB23F;
			productRefGroup = 01B2E17A25EDA7A8007FB23F /* Products */;
			projectDirPath = "";
			projectRoot = "";
			targets = (
				01B2E17825EDA7A8007FB23F /* MultiplicationTables */,
			);
		};
/* End PBXProject section */

/* Begin PBXResourcesBuildPhase section */
		01B2E17725EDA7A8007FB23F /* Resources */ = {
			isa = PBXResourcesBuildPhase;
			buildActionMask = 2147483647;
			files = (
				01B2E18425EDA7AD007FB23F /* Preview Assets.xcassets in Resources */,
				01B2E18125EDA7AD007FB23F /* Assets.xcassets in Resources */,
			);
			runOnlyForDeploymentPostprocessing = 0;
		};
/* End PBXResourcesBuildPhase section */

/* Begin PBXSourcesBuildPhase section */
		01B2E17525EDA7A8007FB23F /* Sources */ = {
			isa = PBXSourcesBuildPhase;
			buildActionMask = 2147483647;
			files = (
				01B2E19025EDDEC4007FB23F /* QuestionsView.swift in Sources */,
				01B2E17F25EDA7A8007FB23F /* ContentView.swift in Sources */,
				01B2E19B25EF03E6007FB23F /* GeneratedQuestionsView.swift in Sources */,
				01B2E18D25EDDC5A007FB23F /* TablesView.swift in Sources */,
				01B2E19525EEFEA1007FB23F /* QuestionsArray.swift in Sources */,
				01B2E17D25EDA7A8007FB23F /* MultiplicationTablesApp.swift in Sources */,
			);
			runOnlyForDeploymentPostprocessing = 0;
		};
/* End PBXSourcesBuildPhase section */

/* Begin XCBuildConfiguration section */
		01B2E18625EDA7AD007FB23F /* Debug */ = {
			isa = XCBuildConfiguration;
			buildSettings = {
				ALWAYS_SEARCH_USER_PATHS = NO;
				CLANG_ANALYZER_NONNULL = YES;
				CLANG_ANALYZER_NUMBER_OBJECT_CONVERSION = YES_AGGRESSIVE;
				CLANG_CXX_LANGUAGE_STANDARD = "gnu++14";
				CLANG_CXX_LIBRARY = "libc++";
				CLANG_ENABLE_MODULES = YES;
				CLANG_ENABLE_OBJC_ARC = YES;
				CLANG_ENABLE_OBJC_WEAK = YES;
				CLANG_WARN_BLOCK_CAPTURE_AUTORELEASING = YES;
				CLANG_WARN_BOOL_CONVERSION = YES;
				CLANG_WARN_COMMA = YES;
				CLANG_WARN_CONSTANT_CONVERSION = YES;
				CLANG_WARN_DEPRECATED_OBJC_IMPLEMENTATIONS = YES;
				CLANG_WARN_DIRECT_OBJC_ISA_USAGE = YES_ERROR;
				CLANG_WARN_DOCUMENTATION_COMMENTS = YES;
				CLANG_WARN_EMPTY_BODY = YES;
				CLANG_WARN_ENUM_CONVERSION = YES;
				CLANG_WARN_INFINITE_RECURSION = YES;
				CLANG_WARN_INT_CONVERSION = YES;
				CLANG_WARN_NON_LITERAL_NULL_CONVERSION = YES;
				CLANG_WARN_OBJC_IMPLICIT_RETAIN_SELF = YES;
				CLANG_WARN_OBJC_LITERAL_CONVERSION = YES;
				CLANG_WARN_OBJC_ROOT_CLASS = YES_ERROR;
				CLANG_WARN_QUOTED_INCLUDE_IN_FRAMEWORK_HEADER = YES;
				CLANG_WARN_RANGE_LOOP_ANALYSIS = YES;
				CLANG_WARN_STRICT_PROTOTYPES = YES;
				CLANG_WARN_SUSPICIOUS_MOVE = YES;
				CLANG_WARN_UNGUARDED_AVAILABILITY = YES_AGGRESSIVE;
				CLANG_WARN_UNREACHABLE_CODE = YES;
				CLANG_WARN__DUPLICATE_METHOD_MATCH = YES;
				COPY_PHASE_STRIP = NO;
				DEBUG_INFORMATION_FORMAT = dwarf;
				ENABLE_STRICT_OBJC_MSGSEND = YES;
				ENABLE_TESTABILITY = YES;
				GCC_C_LANGUAGE_STANDARD = gnu11;
				GCC_DYNAMIC_NO_PIC = NO;
				GCC_NO_COMMON_BLOCKS = YES;
				GCC_OPTIMIZATION_LEVEL = 0;
				GCC_PREPROCESSOR_DEFINITIONS = (
					"DEBUG=1",
					"$(inherited)",
				);
				GCC_WARN_64_TO_32_BIT_CONVERSION = YES;
				GCC_WARN_ABOUT_RETURN_TYPE = YES_ERROR;
				GCC_WARN_UNDECLARED_SELECTOR = YES;
				GCC_WARN_UNINITIALIZED_AUTOS = YES_AGGRESSIVE;
				GCC_WARN_UNUSED_FUNCTION = YES;
				GCC_WARN_UNUSED_VARIABLE = YES;
				IPHONEOS_DEPLOYMENT_TARGET = 14.4;
				MTL_ENABLE_DEBUG_INFO = INCLUDE_SOURCE;
				MTL_FAST_MATH = YES;
				ONLY_ACTIVE_ARCH = YES;
				SDKROOT = iphoneos;
				SWIFT_ACTIVE_COMPILATION_CONDITIONS = DEBUG;
				SWIFT_OPTIMIZATION_LEVEL = "-Onone";
			};
			name = Debug;
		};
		01B2E18725EDA7AD007FB23F /* Release */ = {
			isa = XCBuildConfiguration;
			buildSettings = {
				ALWAYS_SEARCH_USER_PATHS = NO;
				CLANG_ANALYZER_NONNULL = YES;
				CLANG_ANALYZER_NUMBER_OBJECT_CONVERSION = YES_AGGRESSIVE;
				CLANG_CXX_LANGUAGE_STANDARD = "gnu++14";
				CLANG_CXX_LIBRARY = "libc++";
				CLANG_ENABLE_MODULES = YES;
				CLANG_ENABLE_OBJC_ARC = YES;
				CLANG_ENABLE_OBJC_WEAK = YES;
				CLANG_WARN_BLOCK_CAPTURE_AUTORELEASING = YES;
				CLANG_WARN_BOOL_CONVERSION = YES;
				CLANG_WARN_COMMA = YES;
				CLANG_WARN_CONSTANT_CONVERSION = YES;
				CLANG_WARN_DEPRECATED_OBJC_IMPLEMENTATIONS = YES;
				CLANG_WARN_DIRECT_OBJC_ISA_USAGE = YES_ERROR;
				CLANG_WARN_DOCUMENTATION_COMMENTS = YES;
				CLANG_WARN_EMPTY_BODY = YES;
				CLANG_WARN_ENUM_CONVERSION = YES;
				CLANG_WARN_INFINITE_RECURSION = YES;
				CLANG_WARN_INT_CONVERSION = YES;
				CLANG_WARN_NON_LITERAL_NULL_CONVERSION = YES;
				CLANG_WARN_OBJC_IMPLICIT_RETAIN_SELF = YES;
				CLANG_WARN_OBJC_LITERAL_CONVERSION = YES;
				CLANG_WARN_OBJC_ROOT_CLASS = YES_ERROR;
				CLANG_WARN_QUOTED_INCLUDE_IN_FRAMEWORK_HEADER = YES;
				CLANG_WARN_RANGE_LOOP_ANALYSIS = YES;
				CLANG_WARN_STRICT_PROTOTYPES = YES;
				CLANG_WARN_SUSPICIOUS_MOVE = YES;
				CLANG_WARN_UNGUARDED_AVAILABILITY = YES_AGGRESSIVE;
				CLANG_WARN_UNREACHABLE_CODE = YES;
				CLANG_WARN__DUPLICATE_METHOD_MATCH = YES;
				COPY_PHASE_STRIP = NO;
				DEBUG_INFORMATION_FORMAT = "dwarf-with-dsym";
				ENABLE_NS_ASSERTIONS = NO;
				ENABLE_STRICT_OBJC_MSGSEND = YES;
				GCC_C_LANGUAGE_STANDARD = gnu11;
				GCC_NO_COMMON_BLOCKS = YES;
				GCC_WARN_64_TO_32_BIT_CONVERSION = YES;
				GCC_WARN_ABOUT_RETURN_TYPE = YES_ERROR;
				GCC_WARN_UNDECLARED_SELECTOR = YES;
				GCC_WARN_UNINITIALIZED_AUTOS = YES_AGGRESSIVE;
				GCC_WARN_UNUSED_FUNCTION = YES;
				GCC_WARN_UNUSED_VARIABLE = YES;
				IPHONEOS_DEPLOYMENT_TARGET = 14.4;
				MTL_ENABLE_DEBUG_INFO = NO;
				MTL_FAST_MATH = YES;
				SDKROOT = iphoneos;
				SWIFT_COMPILATION_MODE = wholemodule;
				SWIFT_OPTIMIZATION_LEVEL = "-O";
				VALIDATE_PRODUCT = YES;
			};
			name = Release;
		};
		01B2E18925EDA7AD007FB23F /* Debug */ = {
			isa = XCBuildConfiguration;
			buildSettings = {
				ASSETCATALOG_COMPILER_APPICON_NAME = AppIcon;
				ASSETCATALOG_COMPILER_GLOBAL_ACCENT_COLOR_NAME = AccentColor;
				CODE_SIGN_STYLE = Automatic;
				DEVELOPMENT_ASSET_PATHS = "\"MultiplicationTables/Preview Content\"";
				DEVELOPMENT_TEAM = DG4WJC99E5;
				ENABLE_PREVIEWS = YES;
				INFOPLIST_FILE = MultiplicationTables/Info.plist;
				IPHONEOS_DEPLOYMENT_TARGET = 14.0;
				LD_RUNPATH_SEARCH_PATHS = (
					"$(inherited)",
					"@executable_path/Frameworks",
				);
				PRODUCT_BUNDLE_IDENTIFIER = com.melissagarrett.MultiplicationTables;
				PRODUCT_NAME = "$(TARGET_NAME)";
				SWIFT_VERSION = 5.0;
				TARGETED_DEVICE_FAMILY = "1,2";
			};
			name = Debug;
		};
		01B2E18A25EDA7AD007FB23F /* Release */ = {
			isa = XCBuildConfiguration;
			buildSettings = {
				ASSETCATALOG_COMPILER_APPICON_NAME = AppIcon;
				ASSETCATALOG_COMPILER_GLOBAL_ACCENT_COLOR_NAME = AccentColor;
				CODE_SIGN_STYLE = Automatic;
				DEVELOPMENT_ASSET_PATHS = "\"MultiplicationTables/Preview Content\"";
				DEVELOPMENT_TEAM = DG4WJC99E5;
				ENABLE_PREVIEWS = YES;
				INFOPLIST_FILE = MultiplicationTables/Info.plist;
				IPHONEOS_DEPLOYMENT_TARGET = 14.0;
				LD_RUNPATH_SEARCH_PATHS = (
					"$(inherited)",
					"@executable_path/Frameworks",
				);
				PRODUCT_BUNDLE_IDENTIFIER = com.melissagarrett.MultiplicationTables;
				PRODUCT_NAME = "$(TARGET_NAME)";
				SWIFT_VERSION = 5.0;
				TARGETED_DEVICE_FAMILY = "1,2";
			};
			name = Release;
		};
/* End XCBuildConfiguration section */

/* Begin XCConfigurationList section */
		01B2E17425EDA7A8007FB23F /* Build configuration list for PBXProject "MultiplicationTables" */ = {
			isa = XCConfigurationList;
			buildConfigurations = (
				01B2E18625EDA7AD007FB23F /* Debug */,
				01B2E18725EDA7AD007FB23F /* Release */,
			);
			defaultConfigurationIsVisible = 0;
			defaultConfigurationName = Release;
		};
		01B2E18825EDA7AD007FB23F /* Build configuration list for PBXNativeTarget "MultiplicationTables" */ = {
			isa = XCConfigurationList;
			buildConfigurations = (
				01B2E18925EDA7AD007FB23F /* Debug */,
				01B2E18A25EDA7AD007FB23F /* Release */,
			);
			defaultConfigurationIsVisible = 0;
			defaultConfigurationName = Release;
		};
/* End XCConfigurationList section */
	};
	rootObject = 01B2E17125EDA7A8007FB23F /* Project object */;
}
